{
    "_readme": [
        "This file locks the dependencies of your project to a known state",
        "Read more about it at https://getcomposer.org/doc/01-basic-usage.md#installing-dependencies",
        "This file is @generated automatically"
    ],
    "content-hash": "3a1c8054c6664fad511ee677c5b800f3",
    "packages": [
        {
            "name": "bower-asset/font-awesome",
            "version": "5.7.1",
            "source": {
                "type": "git",
                "url": "https://github.com/FortAwesome/Font-Awesome.git",
                "reference": "def7d5bda0d2df311fe069f805093c2fe019139d"
            },
            "dist": {
                "type": "zip",
                "url": "https://api.github.com/repos/FortAwesome/Font-Awesome/zipball/def7d5bda0d2df311fe069f805093c2fe019139d",
                "reference": "def7d5bda0d2df311fe069f805093c2fe019139d",
                "shasum": null
            },
            "type": "bower-asset"
        },
        {
            "name": "bower-asset/jquery",
            "version": "3.3.1",
            "source": {
                "type": "git",
                "url": "https://github.com/jquery/jquery-dist.git",
                "reference": "9e8ec3d10fad04748176144f108d7355662ae75e"
            },
            "dist": {
                "type": "zip",
                "url": "https://api.github.com/repos/jquery/jquery-dist/zipball/9e8ec3d10fad04748176144f108d7355662ae75e",
                "reference": "9e8ec3d10fad04748176144f108d7355662ae75e",
                "shasum": null
            },
            "type": "bower-asset",
            "license": [
                "MIT"
            ]
        },
        {
            "name": "bower-asset/jquery-once",
            "version": "2.2.1",
            "source": {
                "type": "git",
                "url": "https://github.com/RobLoach/jquery-once.git",
                "reference": "ee0abe4ba788e26c1a43c690cb0645564669b9e4"
            },
            "dist": {
                "type": "zip",
                "url": "https://api.github.com/repos/RobLoach/jquery-once/zipball/ee0abe4ba788e26c1a43c690cb0645564669b9e4",
                "reference": "ee0abe4ba788e26c1a43c690cb0645564669b9e4",
                "shasum": ""
            },
            "require": {
                "bower-asset/jquery": "*"
            },
            "type": "bower-asset-library",
            "extra": {
                "bower-asset-main": "jquery.once.js",
                "bower-asset-ignore": [
                    "*.json",
                    "test",
                    "example",
                    ".travis.yml",
                    ".gitignore",
                    "Gruntfile.js"
                ]
            },
            "license": [
                "GPL-2.0"
            ],
            "description": "Act on jQuery elements only once.",
            "keywords": [
                "jquery",
                "jquery-plugin"
            ],
            "time": "2018-03-29T15:56:03+00:00"
        },
        {
            "name": "bower-asset/reveal_external",
            "version": "1.3",
            "source": {
                "type": "git",
                "url": "https://github.com/janschoepke/reveal_external.git",
                "reference": "6686d18bbf1fb7286473b5d351b547badffdf21d"
            },
            "dist": {
                "type": "zip",
                "url": "https://api.github.com/repos/janschoepke/reveal_external/zipball/6686d18bbf1fb7286473b5d351b547badffdf21d",
                "reference": "6686d18bbf1fb7286473b5d351b547badffdf21d",
                "shasum": ""
            },
            "type": "bower-asset-library",
            "extra": {
                "bower-asset-main": [
                    "src/external.js"
                ],
                "bower-asset-ignore": [
                    "**/.*",
                    "example/"
                ]
            },
            "license": [
                "MIT"
            ],
            "description": "Plugin for reveal.js to import external sections.",
            "keywords": [
                "external",
                "reveal",
                "xhr"
            ],
            "time": "2017-08-13T21:52:09+00:00"
        },
        {
            "name": "composer/installers",
            "version": "v1.6.0",
            "source": {
                "type": "git",
                "url": "https://github.com/composer/installers.git",
                "reference": "cfcca6b1b60bc4974324efb5783c13dca6932b5b"
            },
            "dist": {
                "type": "zip",
                "url": "https://api.github.com/repos/composer/installers/zipball/cfcca6b1b60bc4974324efb5783c13dca6932b5b",
                "reference": "cfcca6b1b60bc4974324efb5783c13dca6932b5b",
                "shasum": ""
            },
            "require": {
                "composer-plugin-api": "^1.0"
            },
            "replace": {
                "roundcube/plugin-installer": "*",
                "shama/baton": "*"
            },
            "require-dev": {
                "composer/composer": "1.0.*@dev",
                "phpunit/phpunit": "^4.8.36"
            },
            "type": "composer-plugin",
            "extra": {
                "class": "Composer\\Installers\\Plugin",
                "branch-alias": {
                    "dev-master": "1.0-dev"
                }
            },
            "autoload": {
                "psr-4": {
                    "Composer\\Installers\\": "src/Composer/Installers"
                }
            },
            "notification-url": "https://packagist.org/downloads/",
            "license": [
                "MIT"
            ],
            "authors": [
                {
                    "name": "Kyle Robinson Young",
                    "email": "kyle@dontkry.com",
                    "homepage": "https://github.com/shama"
                }
            ],
            "description": "A multi-framework Composer library installer",
            "homepage": "https://composer.github.io/installers/",
            "keywords": [
                "Craft",
                "Dolibarr",
                "Eliasis",
                "Hurad",
                "ImageCMS",
                "Kanboard",
                "Lan Management System",
                "MODX Evo",
                "Mautic",
                "Maya",
                "OXID",
                "Plentymarkets",
                "Porto",
                "RadPHP",
                "SMF",
                "Thelia",
                "WolfCMS",
                "agl",
                "aimeos",
                "annotatecms",
                "attogram",
                "bitrix",
                "cakephp",
                "chef",
                "cockpit",
                "codeigniter",
                "concrete5",
                "croogo",
                "dokuwiki",
                "drupal",
                "eZ Platform",
                "elgg",
                "expressionengine",
                "fuelphp",
                "grav",
                "installer",
                "itop",
                "joomla",
                "kohana",
                "laravel",
                "lavalite",
                "lithium",
                "magento",
                "majima",
                "mako",
                "mediawiki",
                "modulework",
                "modx",
                "moodle",
                "osclass",
                "phpbb",
                "piwik",
                "ppi",
                "puppet",
                "pxcms",
                "reindex",
                "roundcube",
                "shopware",
                "silverstripe",
                "sydes",
                "symfony",
                "typo3",
                "wordpress",
                "yawik",
                "zend",
                "zikula"
            ],
            "time": "2018-08-27T06:10:37+00:00"
        },
        {
            "name": "cweagans/composer-patches",
            "version": "1.6.5",
            "source": {
                "type": "git",
                "url": "https://github.com/cweagans/composer-patches.git",
                "reference": "2ec4f00ff5fb64de584c8c4aea53bf9053ecb0b3"
            },
            "dist": {
                "type": "zip",
                "url": "https://api.github.com/repos/cweagans/composer-patches/zipball/2ec4f00ff5fb64de584c8c4aea53bf9053ecb0b3",
                "reference": "2ec4f00ff5fb64de584c8c4aea53bf9053ecb0b3",
                "shasum": ""
            },
            "require": {
                "composer-plugin-api": "^1.0",
                "php": ">=5.3.0"
            },
            "require-dev": {
                "composer/composer": "~1.0",
                "phpunit/phpunit": "~4.6"
            },
            "type": "composer-plugin",
            "extra": {
                "class": "cweagans\\Composer\\Patches"
            },
            "autoload": {
                "psr-4": {
                    "cweagans\\Composer\\": "src"
                }
            },
            "notification-url": "https://packagist.org/downloads/",
            "license": [
                "BSD-3-Clause"
            ],
            "authors": [
                {
                    "name": "Cameron Eagans",
                    "email": "me@cweagans.net"
                }
            ],
            "description": "Provides a way to patch Composer packages.",
            "time": "2018-05-11T18:00:16+00:00"
        },
        {
            "name": "fxp/composer-asset-plugin",
            "version": "v1.4.4",
            "source": {
                "type": "git",
                "url": "https://github.com/fxpio/composer-asset-plugin.git",
                "reference": "0d07328eef6e6f3753aa835fd2faef7fed1717bf"
            },
            "dist": {
                "type": "zip",
                "url": "https://api.github.com/repos/fxpio/composer-asset-plugin/zipball/0d07328eef6e6f3753aa835fd2faef7fed1717bf",
                "reference": "0d07328eef6e6f3753aa835fd2faef7fed1717bf",
                "shasum": ""
            },
            "require": {
                "composer-plugin-api": "^1.0",
                "php": ">=5.3.3"
            },
            "require-dev": {
                "composer/composer": "^1.6.0"
            },
            "type": "composer-plugin",
            "extra": {
                "class": "Fxp\\Composer\\AssetPlugin\\FxpAssetPlugin",
                "branch-alias": {
                    "dev-master": "1.4-dev"
                }
            },
            "autoload": {
                "psr-4": {
                    "Fxp\\Composer\\AssetPlugin\\": ""
                },
                "exclude-from-classmap": [
                    "/Tests/"
                ]
            },
            "notification-url": "https://packagist.org/downloads/",
            "license": [
                "MIT"
            ],
            "authors": [
                {
                    "name": "François Pluchino",
                    "email": "francois.pluchino@gmail.com"
                }
            ],
            "description": "NPM/Bower Dependency Manager for Composer",
            "homepage": "https://github.com/fxpio/composer-asset-plugin",
            "keywords": [
                "asset",
                "bower",
                "composer",
                "dependency manager",
                "nodejs",
                "npm",
                "package"
            ],
            "time": "2018-07-02T11:37:17+00:00"
        },
        {
            "name": "npm-asset/reveal.js",
            "version": "3.7.0",
            "dist": {
                "type": "tar",
                "url": "https://registry.npmjs.org/reveal.js/-/reveal.js-3.7.0.tgz",
                "reference": null,
                "shasum": null
            },
            "type": "npm-asset",
            "license": [
                "MIT"
            ]
        },
        {
            "name": "npm-asset/reveal.js-menu",
            "version": "1.2.0",
            "dist": {
                "type": "tar",
                "url": "https://registry.npmjs.org/reveal.js-menu/-/reveal.js-menu-1.2.0.tgz",
                "reference": null,
                "shasum": null
            },
            "type": "npm-asset",
            "license": [
                "MIT, Copyright (C) 2016 Greg Denehy"
            ]
        },
        {
            "name": "oomphinc/composer-installers-extender",
            "version": "v1.1.2",
            "source": {
                "type": "git",
                "url": "https://github.com/oomphinc/composer-installers-extender.git",
                "reference": "ca1c4b16b0905c81d1e77e608f36a2eff1a56f56"
            },
            "dist": {
                "type": "zip",
                "url": "https://api.github.com/repos/oomphinc/composer-installers-extender/zipball/ca1c4b16b0905c81d1e77e608f36a2eff1a56f56",
                "reference": "ca1c4b16b0905c81d1e77e608f36a2eff1a56f56",
                "shasum": ""
            },
            "require": {
                "composer-plugin-api": "^1.0",
                "composer/installers": "^1.0"
            },
            "type": "composer-plugin",
            "extra": {
                "class": "OomphInc\\ComposerInstallersExtender\\Plugin"
            },
            "autoload": {
                "psr-4": {
                    "OomphInc\\ComposerInstallersExtender\\": "src/"
                }
            },
            "notification-url": "https://packagist.org/downloads/",
            "license": [
                "MIT"
            ],
            "authors": [
                {
                    "name": "Stephen Beemsterboer",
                    "email": "stephen@oomphinc.com",
                    "homepage": "https://github.com/balbuf"
                }
            ],
            "description": "Extend the composer/installers plugin to accept any arbitrary package type.",
            "homepage": "http://www.oomphinc.com/",
            "time": "2017-03-31T16:57:39+00:00"
        },
        {
            "name": "rajgoel/reveal.js-plugins",
            "version": "dev",
            "source": {
                "type": "git",
                "url": "https://github.com/rajgoel/reveal.js-plugins.git",
                "reference": "master"
            },
            "type": "revealjs-plugin",
            "time": "2018-10-17T08:05:53+00:00"
        },
        {
            "name": "wikimedia/composer-merge-plugin",
            "version": "v1.4.1",
            "source": {
                "type": "git",
                "url": "https://github.com/wikimedia/composer-merge-plugin.git",
                "reference": "81c6ac72a24a67383419c7eb9aa2b3437f2ab100"
            },
            "dist": {
                "type": "zip",
                "url": "https://api.github.com/repos/wikimedia/composer-merge-plugin/zipball/81c6ac72a24a67383419c7eb9aa2b3437f2ab100",
                "reference": "81c6ac72a24a67383419c7eb9aa2b3437f2ab100",
                "shasum": ""
            },
            "require": {
                "composer-plugin-api": "^1.0",
                "php": ">=5.3.2"
            },
            "require-dev": {
                "composer/composer": "~1.0.0",
                "jakub-onderka/php-parallel-lint": "~0.8",
                "phpunit/phpunit": "~4.8|~5.0",
                "squizlabs/php_codesniffer": "~2.1.0"
            },
            "type": "composer-plugin",
            "extra": {
                "branch-alias": {
                    "dev-master": "1.3.x-dev"
                },
                "class": "Wikimedia\\Composer\\MergePlugin"
            },
            "autoload": {
                "psr-4": {
                    "Wikimedia\\Composer\\": "src/"
                }
            },
            "notification-url": "https://packagist.org/downloads/",
            "license": [
                "MIT"
            ],
            "authors": [
                {
                    "name": "Bryan Davis",
                    "email": "bd808@wikimedia.org"
                }
            ],
            "description": "Composer plugin to merge multiple composer.json files",
            "time": "2017-04-25T02:31:25+00:00"
        }
    ],
    "packages-dev": [],
    "aliases": [],
    "minimum-stability": "dev",
    "stability-flags": {
        "rajgoel/reveal.js-plugins": 20
    },
    "prefer-stable": true,
    "prefer-lowest": false,
    "platform": [],
    "platform-dev": []
}
